
Microsoft Visual Studio Solution File, Format Version 12.00
# Visual Studio Version 16
VisualStudioVersion = 16.0.30717.126
MinimumVisualStudioVersion = 10.0.40219.1
Project("{FAE04EC0-301F-11D3-BF4B-00C04F79EFBC}") = "Vaccinator", "Vaccinator\Vaccinator.csproj", "{E2ED935E-A46C-4151-B027-84433C0341D4}"
EndProject
Global
	GlobalSection(SolutionConfigurationPlatforms) = preSolution
		Debug|Any CPU = Debug|Any CPU
		Release|Any CPU = Release|Any CPU
	EndGlobalSection
	GlobalSection(ProjectConfigurationPlatforms) = postSolution
		{E2ED935E-A46C-4151-B027-84433C0341D4}.Debug|Any CPU.ActiveCfg = Debug|Any CPU
		{E2ED935E-A46C-4151-B027-84433C0341D4}.Debug|Any CPU.Build.0 = Debug|Any CPU
		{E2ED935E-A46C-4151-B027-84433C0341D4}.Release|Any CPU.ActiveCfg = Release|Any CPU
		{E2ED935E-A46C-4151-B027-84433C0341D4}.Release|Any CPU.Build.0 = Release|Any CPU
	EndGlobalSection
	GlobalSection(SolutionProperties) = preSolution
		HideSolutionNode = FALSE
	EndGlobalSection
	GlobalSection(ExtensibilityGlobals) = postSolution
		SolutionGuid = {8A41629F-9438-4ECA-8761-04EDB1978A6D}
	EndGlobalSection
EndGlobal
